<?xml version="1.0" encoding="UTF-8"?>
<CodeBlocks_project_file>
	<FileVersion major="1" minor="6"/>
	<Project>
		<Option title="kinect2_test"/>
		<Option makefile_is_custom="1"/>
		<Option compiler="gcc"/>
		<Option virtualFolders="CMake Files\;CMake Files\..\;CMake Files\..\..\;CMake Files\..\..\..\;CMake Files\..\..\..\freenect2\;CMake Files\..\..\..\freenect2\lib\;CMake Files\..\..\..\freenect2\lib\cmake\;CMake Files\..\..\..\freenect2\lib\cmake\freenect2\;"/>
		<Build>
			<Target title="all">
				<Option working_dir="/home/tomek/Desktop/rgbd-face-auth/kinect2_test"/>
				<Option type="4"/>
				<MakeCommands>
					<Build command="/usr/bin/make -j4 -f &quot;/home/tomek/Desktop/rgbd-face-auth/kinect2_test/Makefile&quot;  VERBOSE=1 all"/>
					<CompileFile command="/usr/bin/make -j4 -f &quot;/home/tomek/Desktop/rgbd-face-auth/kinect2_test/Makefile&quot;  VERBOSE=1 &quot;$file&quot;"/>
					<Clean command="/usr/bin/make -j4 -f &quot;/home/tomek/Desktop/rgbd-face-auth/kinect2_test/Makefile&quot;  VERBOSE=1 clean"/>
					<DistClean command="/usr/bin/make -j4 -f &quot;/home/tomek/Desktop/rgbd-face-auth/kinect2_test/Makefile&quot;  VERBOSE=1 clean"/>
				</MakeCommands>
			</Target>
			<Target title="rebuild_cache">
				<Option working_dir="/home/tomek/Desktop/rgbd-face-auth/kinect2_test"/>
				<Option type="4"/>
				<MakeCommands>
					<Build command="/usr/bin/make -j4 -f &quot;/home/tomek/Desktop/rgbd-face-auth/kinect2_test/Makefile&quot;  VERBOSE=1 rebuild_cache"/>
					<CompileFile command="/usr/bin/make -j4 -f &quot;/home/tomek/Desktop/rgbd-face-auth/kinect2_test/Makefile&quot;  VERBOSE=1 &quot;$file&quot;"/>
					<Clean command="/usr/bin/make -j4 -f &quot;/home/tomek/Desktop/rgbd-face-auth/kinect2_test/Makefile&quot;  VERBOSE=1 clean"/>
					<DistClean command="/usr/bin/make -j4 -f &quot;/home/tomek/Desktop/rgbd-face-auth/kinect2_test/Makefile&quot;  VERBOSE=1 clean"/>
				</MakeCommands>
			</Target>
			<Target title="edit_cache">
				<Option working_dir="/home/tomek/Desktop/rgbd-face-auth/kinect2_test"/>
				<Option type="4"/>
				<MakeCommands>
					<Build command="/usr/bin/make -j4 -f &quot;/home/tomek/Desktop/rgbd-face-auth/kinect2_test/Makefile&quot;  VERBOSE=1 edit_cache"/>
					<CompileFile command="/usr/bin/make -j4 -f &quot;/home/tomek/Desktop/rgbd-face-auth/kinect2_test/Makefile&quot;  VERBOSE=1 &quot;$file&quot;"/>
					<Clean command="/usr/bin/make -j4 -f &quot;/home/tomek/Desktop/rgbd-face-auth/kinect2_test/Makefile&quot;  VERBOSE=1 clean"/>
					<DistClean command="/usr/bin/make -j4 -f &quot;/home/tomek/Desktop/rgbd-face-auth/kinect2_test/Makefile&quot;  VERBOSE=1 clean"/>
				</MakeCommands>
			</Target>
			<Target title="kinect2_test">
				<Option output="/home/tomek/Desktop/rgbd-face-auth/kinect2_test/kinect2_test" prefix_auto="0" extension_auto="0"/>
				<Option working_dir="/home/tomek/Desktop/rgbd-face-auth/kinect2_test"/>
				<Option object_output="./"/>
				<Option type="1"/>
				<Option compiler="gcc"/>
				<Compiler>
					<Add directory="/home/tomek/freenect2/include"/>
					<Add directory="/usr/include/c++/5"/>
					<Add directory="/usr/include/x86_64-linux-gnu/c++/5"/>
					<Add directory="/usr/include/c++/5/backward"/>
					<Add directory="/usr/lib/gcc/x86_64-linux-gnu/5/include"/>
					<Add directory="/usr/local/include"/>
					<Add directory="/usr/lib/gcc/x86_64-linux-gnu/5/include-fixed"/>
					<Add directory="/usr/include/x86_64-linux-gnu"/>
					<Add directory="/usr/include"/>
				</Compiler>
				<MakeCommands>
					<Build command="/usr/bin/make -j4 -f &quot;/home/tomek/Desktop/rgbd-face-auth/kinect2_test/Makefile&quot;  VERBOSE=1 kinect2_test"/>
					<CompileFile command="/usr/bin/make -j4 -f &quot;/home/tomek/Desktop/rgbd-face-auth/kinect2_test/Makefile&quot;  VERBOSE=1 &quot;$file&quot;"/>
					<Clean command="/usr/bin/make -j4 -f &quot;/home/tomek/Desktop/rgbd-face-auth/kinect2_test/Makefile&quot;  VERBOSE=1 clean"/>
					<DistClean command="/usr/bin/make -j4 -f &quot;/home/tomek/Desktop/rgbd-face-auth/kinect2_test/Makefile&quot;  VERBOSE=1 clean"/>
				</MakeCommands>
			</Target>
			<Target title="kinect2_test/fast">
				<Option output="/home/tomek/Desktop/rgbd-face-auth/kinect2_test/kinect2_test" prefix_auto="0" extension_auto="0"/>
				<Option working_dir="/home/tomek/Desktop/rgbd-face-auth/kinect2_test"/>
				<Option object_output="./"/>
				<Option type="1"/>
				<Option compiler="gcc"/>
				<Compiler>
					<Add directory="/home/tomek/freenect2/include"/>
					<Add directory="/usr/include/c++/5"/>
					<Add directory="/usr/include/x86_64-linux-gnu/c++/5"/>
					<Add directory="/usr/include/c++/5/backward"/>
					<Add directory="/usr/lib/gcc/x86_64-linux-gnu/5/include"/>
					<Add directory="/usr/local/include"/>
					<Add directory="/usr/lib/gcc/x86_64-linux-gnu/5/include-fixed"/>
					<Add directory="/usr/include/x86_64-linux-gnu"/>
					<Add directory="/usr/include"/>
				</Compiler>
				<MakeCommands>
					<Build command="/usr/bin/make -j4 -f &quot;/home/tomek/Desktop/rgbd-face-auth/kinect2_test/Makefile&quot;  VERBOSE=1 kinect2_test/fast"/>
					<CompileFile command="/usr/bin/make -j4 -f &quot;/home/tomek/Desktop/rgbd-face-auth/kinect2_test/Makefile&quot;  VERBOSE=1 &quot;$file&quot;"/>
					<Clean command="/usr/bin/make -j4 -f &quot;/home/tomek/Desktop/rgbd-face-auth/kinect2_test/Makefile&quot;  VERBOSE=1 clean"/>
					<DistClean command="/usr/bin/make -j4 -f &quot;/home/tomek/Desktop/rgbd-face-auth/kinect2_test/Makefile&quot;  VERBOSE=1 clean"/>
				</MakeCommands>
			</Target>
		</Build>
		<Unit filename="/home/tomek/Desktop/rgbd-face-auth/kinect2_test/main.cpp">
			<Option target="kinect2_test"/>
		</Unit>
		<Unit filename="/home/tomek/Desktop/rgbd-face-auth/kinect2_test/CMakeLists.txt">
			<Option virtualFolder="CMake Files\"/>
		</Unit>
		<Unit filename="/home/tomek/Desktop/rgbd-face-auth/kinect2_test/../../../freenect2/lib/cmake/freenect2/freenect2ConfigVersion.cmake">
			<Option virtualFolder="CMake Files\..\..\..\freenect2\lib\cmake\freenect2\"/>
		</Unit>
		<Unit filename="/home/tomek/Desktop/rgbd-face-auth/kinect2_test/../../../freenect2/lib/cmake/freenect2/freenect2Config.cmake">
			<Option virtualFolder="CMake Files\..\..\..\freenect2\lib\cmake\freenect2\"/>
		</Unit>
	</Project>
</CodeBlocks_project_file>
